
Microsoft Visual Studio Solution File, Format Version 12.00
# Visual Studio 2013
VisualStudioVersion = 12.0.31101.0
MinimumVisualStudioVersion = 10.0.40219.1
Project("{FAE04EC0-301F-11D3-BF4B-00C04F79EFBC}") = "SQLAzureBacpac.Ui", "SQLAzureBacpac.Ui\SQLAzureBacpac.Ui.csproj", "{A9072F00-3E7C-4EF1-BA5A-1AE7B4C41371}"
EndProject
Global
	GlobalSection(SolutionConfigurationPlatforms) = preSolution
		Debug|Any CPU = Debug|Any CPU
		Release|Any CPU = Release|Any CPU
	EndGlobalSection
	GlobalSection(ProjectConfigurationPlatforms) = postSolution
		{A9072F00-3E7C-4EF1-BA5A-1AE7B4C41371}.Debug|Any CPU.ActiveCfg = Debug|Any CPU
		{A9072F00-3E7C-4EF1-BA5A-1AE7B4C41371}.Debug|Any CPU.Build.0 = Debug|Any CPU
		{A9072F00-3E7C-4EF1-BA5A-1AE7B4C41371}.Release|Any CPU.ActiveCfg = Release|Any CPU
		{A9072F00-3E7C-4EF1-BA5A-1AE7B4C41371}.Release|Any CPU.Build.0 = Release|Any CPU
	EndGlobalSection
	GlobalSection(SolutionProperties) = preSolution
		HideSolutionNode = FALSE
	EndGlobalSection
EndGlobal
